
Microsoft Visual Studio Solution File, Format Version 12.00
# Visual Studio Version 16
VisualStudioVersion = 16.0.29306.81
MinimumVisualStudioVersion = 10.0.40219.1
Project("{FAE04EC0-301F-11D3-BF4B-00C04F79EFBC}") = "Les5Oefening1", "Les5Oefening1\Les5Oefening1.csproj", "{21F2B848-67F2-416D-B47A-94C6DC5569F5}"
EndProject
Global
	GlobalSection(SolutionConfigurationPlatforms) = preSolution
		Debug|Any CPU = Debug|Any CPU
		Release|Any CPU = Release|Any CPU
	EndGlobalSection
	GlobalSection(ProjectConfigurationPlatforms) = postSolution
		{21F2B848-67F2-416D-B47A-94C6DC5569F5}.Debug|Any CPU.ActiveCfg = Debug|Any CPU
		{21F2B848-67F2-416D-B47A-94C6DC5569F5}.Debug|Any CPU.Build.0 = Debug|Any CPU
		{21F2B848-67F2-416D-B47A-94C6DC5569F5}.Release|Any CPU.ActiveCfg = Release|Any CPU
		{21F2B848-67F2-416D-B47A-94C6DC5569F5}.Release|Any CPU.Build.0 = Release|Any CPU
	EndGlobalSection
	GlobalSection(SolutionProperties) = preSolution
		HideSolutionNode = FALSE
	EndGlobalSection
	GlobalSection(ExtensibilityGlobals) = postSolution
		SolutionGuid = {3F5AB829-1D5B-4D10-9EDC-BABAA6F0A203}
	EndGlobalSection
EndGlobal
